
Microsoft Visual Studio Solution File, Format Version 12.00
# Visual Studio Version 17
VisualStudioVersion = 17.9.34607.119
MinimumVisualStudioVersion = 10.0.40219.1
Project("{FAE04EC0-301F-11D3-BF4B-00C04F79EFBC}") = "InventoryManager", "InventoryManager\InventoryManager.csproj", "{018E4F51-4467-4AC3-A79F-B82A174C1CE2}"
EndProject
Global
	GlobalSection(SolutionConfigurationPlatforms) = preSolution
		Debug|Any CPU = Debug|Any CPU
		Release|Any CPU = Release|Any CPU
	EndGlobalSection
	GlobalSection(ProjectConfigurationPlatforms) = postSolution
		{018E4F51-4467-4AC3-A79F-B82A174C1CE2}.Debug|Any CPU.ActiveCfg = Debug|Any CPU
		{018E4F51-4467-4AC3-A79F-B82A174C1CE2}.Debug|Any CPU.Build.0 = Debug|Any CPU
		{018E4F51-4467-4AC3-A79F-B82A174C1CE2}.Release|Any CPU.ActiveCfg = Release|Any CPU
		{018E4F51-4467-4AC3-A79F-B82A174C1CE2}.Release|Any CPU.Build.0 = Release|Any CPU
	EndGlobalSection
	GlobalSection(SolutionProperties) = preSolution
		HideSolutionNode = FALSE
	EndGlobalSection
	GlobalSection(ExtensibilityGlobals) = postSolution
		SolutionGuid = {9C2E4F2D-4B2F-4BC4-B881-0FA3620E865C}
	EndGlobalSection
EndGlobal
